// !$*UTF8*$!
{
	archiveVersion = 1;
	classes = {
	};
	objectVersion = 77;
	objects = {

/* Begin PBXBuildFile section */
		AFDBEB7F2FFC4E230089A0D6 /* Assets.xcassets in Resources */ = {isa = PBXBuildFile; fileRef = AFDBEB7D2FFC4E230089A0D6 /* Assets.xcassets */; };
		AFDBEB802FFC4E230089A0D6 /* CompanySnapShotApp.swift in Sources */ = {isa = PBXBuildFile; fileRef = AFDBEB6E2FFC4E230089A0D6 /* CompanySnapShotApp.swift */; };
		AFDBEB812FFC4E230089A0D6 /* RootView.swift in Sources */ = {isa = PBXBuildFile; fileRef = AFDBEB6F2FFC4E230089A0D6 /* RootView.swift */; };
		AFDBEB832FFC4F6E0089A0D6 /* HomeView.swift in Sources */ = {isa = PBXBuildFile; fileRef = AFDBEB822FFC4F6E0089A0D6 /* HomeView.swift */; };
		AFDBEB852FFC4F8F0089A0D6 /* AnalyzeView.swift in Sources */ = {isa = PBXBuildFile; fileRef = AFDBEB842FFC4F870089A0D6 /* AnalyzeView.swift */; };
		AFDBEB872FFC4FD00089A0D6 /* CompareView.swift in Sources */ = {isa = PBXBuildFile; fileRef = AFDBEB862FFC4FCA0089A0D6 /* CompareView.swift */; };
		AFDBEB892FFC4FF90089A0D6 /* HistoryView.swift in Sources */ = {isa = PBXBuildFile; fileRef = AFDBEB882FFC4FF00089A0D6 /* HistoryView.swift */; };
		AFDBEB8B2FFEA19F0089A0D6 /* LatestSnapshotCardView.swift in Sources */ = {isa = PBXBuildFile; fileRef = AFDBEB8A2FFEA1920089A0D6 /* LatestSnapshotCardView.swift */; };
		AFDBEB8F2FFEA2B90089A0D6 /* SnapshotModel.swift in Sources */ = {isa = PBXBuildFile; fileRef = AFDBEB8E2FFEA2B40089A0D6 /* SnapshotModel.swift */; };
		AFDBEBA12FFFEACC0089A0D6 /* BorderedCardView.swift in Sources */ = {isa = PBXBuildFile; fileRef = AFDBEBA02FFFEACC0089A0D6 /* BorderedCardView.swift */; };
		AFDBEBA32FFFECA00089A0D6 /* HistorySnapShotCardView.swift in Sources */ = {isa = PBXBuildFile; fileRef = AFDBEBA22FFFEC8E0089A0D6 /* HistorySnapShotCardView.swift */; };
		AFDBEBA530011C9D0089A0D6 /* HomeViewModel.swift in Sources */ = {isa = PBXBuildFile; fileRef = AFDBEBA430011C960089A0D6 /* HomeViewModel.swift */; };
/* End PBXBuildFile section */

/* Begin PBXFileReference section */
		AFDBEB2A2FFC471F0089A0D6 /* CompanySnapShot.app */ = {isa = PBXFileReference; explicitFileType = wrapper.application; includeInIndex = 0; path = CompanySnapShot.app; sourceTree = BUILT_PRODUCTS_DIR; };
		AFDBEB6E2FFC4E230089A0D6 /* CompanySnapShotApp.swift */ = {isa = PBXFileReference; lastKnownFileType = sourcecode.swift; path = CompanySnapShotApp.swift; sourceTree = "<group>"; };
		AFDBEB6F2FFC4E230089A0D6 /* RootView.swift */ = {isa = PBXFileReference; lastKnownFileType = sourcecode.swift; path = RootView.swift; sourceTree = "<group>"; };
		AFDBEB7D2FFC4E230089A0D6 /* Assets.xcassets */ = {isa = PBXFileReference; lastKnownFileType = folder.assetcatalog; path = Assets.xcassets; sourceTree = "<group>"; };
		AFDBEB822FFC4F6E0089A0D6 /* HomeView.swift */ = {isa = PBXFileReference; lastKnownFileType = sourcecode.swift; path = HomeView.swift; sourceTree = "<group>"; };
		AFDBEB842FFC4F870089A0D6 /* AnalyzeView.swift */ = {isa = PBXFileReference; lastKnownFileType = sourcecode.swift; path = AnalyzeView.swift; sourceTree = "<group>"; };
		AFDBEB862FFC4FCA0089A0D6 /* CompareView.swift */ = {isa = PBXFileReference; lastKnownFileType = sourcecode.swift; path = CompareView.swift; sourceTree = "<group>"; };
		AFDBEB882FFC4FF00089A0D6 /* HistoryView.swift */ = {isa = PBXFileReference; lastKnownFileType = sourcecode.swift; path = HistoryView.swift; sourceTree = "<group>"; };
		AFDBEB8A2FFEA1920089A0D6 /* LatestSnapshotCardView.swift */ = {isa = PBXFileReference; lastKnownFileType = sourcecode.swift; path = LatestSnapshotCardView.swift; sourceTree = "<group>"; };
		AFDBEB8E2FFEA2B40089A0D6 /* SnapshotModel.swift */ = {isa = PBXFileReference; lastKnownFileType = sourcecode.swift; path = SnapshotModel.swift; sourceTree = "<group>"; };
		AFDBEBA02FFFEACC0089A0D6 /* BorderedCardView.swift */ = {isa = PBXFileReference; lastKnownFileType = sourcecode.swift; path = BorderedCardView.swift; sourceTree = "<group>"; };
		AFDBEBA22FFFEC8E0089A0D6 /* HistorySnapShotCardView.swift */ = {isa = PBXFileReference; lastKnownFileType = sourcecode.swift; path = HistorySnapShotCardView.swift; sourceTree = "<group>"; };
		AFDBEBA430011C960089A0D6 /* HomeViewModel.swift */ = {isa = PBXFileReference; lastKnownFileType = sourcecode.swift; path = HomeViewModel.swift; sourceTree = "<group>"; };
/* End PBXFileReference section */

/* Begin PBXFrameworksBuildPhase section */
		AFDBEB272FFC471F0089A0D6 /* Frameworks */ = {
			isa = PBXFrameworksBuildPhase;
			buildActionMask = 2147483647;
			files = (
			);
			runOnlyForDeploymentPostprocessing = 0;
		};
/* End PBXFrameworksBuildPhase section */

/* Begin PBXGroup section */
		AFDBEB212FFC471F0089A0D6 = {
			isa = PBXGroup;
			children = (
				AFDBEB7E2FFC4E230089A0D6 /* CompanySnapShot */,
				AFDBEB2B2FFC471F0089A0D6 /* Products */,
			);
			sourceTree = "<group>";
		};
		AFDBEB2B2FFC471F0089A0D6 /* Products */ = {
			isa = PBXGroup;
			children = (
				AFDBEB2A2FFC471F0089A0D6 /* CompanySnapShot.app */,
			);
			name = Products;
			sourceTree = "<group>";
		};
		AFDBEB702FFC4E230089A0D6 /* App */ = {
			isa = PBXGroup;
			children = (
				AFDBEB6E2FFC4E230089A0D6 /* CompanySnapShotApp.swift */,
				AFDBEB6F2FFC4E230089A0D6 /* RootView.swift */,
			);
			path = App;
			sourceTree = "<group>";
		};
		AFDBEB712FFC4E230089A0D6 /* Components */ = {
			isa = PBXGroup;
			children = (
				AFDBEBA02FFFEACC0089A0D6 /* BorderedCardView.swift */,
			);
			path = Components;
			sourceTree = "<group>";
		};
		AFDBEB722FFC4E230089A0D6 /* DesignSystem */ = {
			isa = PBXGroup;
			children = (
			);
			path = DesignSystem;
			sourceTree = "<group>";
		};
		AFDBEB732FFC4E230089A0D6 /* Analyze */ = {
			isa = PBXGroup;
			children = (
				AFDBEB842FFC4F870089A0D6 /* AnalyzeView.swift */,
			);
			path = Analyze;
			sourceTree = "<group>";
		};
		AFDBEB742FFC4E230089A0D6 /* Compare */ = {
			isa = PBXGroup;
			children = (
				AFDBEB862FFC4FCA0089A0D6 /* CompareView.swift */,
			);
			path = Compare;
			sourceTree = "<group>";
		};
		AFDBEB752FFC4E230089A0D6 /* History */ = {
			isa = PBXGroup;
			children = (
				AFDBEB882FFC4FF00089A0D6 /* HistoryView.swift */,
			);
			path = History;
			sourceTree = "<group>";
		};
		AFDBEB762FFC4E230089A0D6 /* Home */ = {
			isa = PBXGroup;
			children = (
				AFDBEBA430011C960089A0D6 /* HomeViewModel.swift */,
				AFDBEB822FFC4F6E0089A0D6 /* HomeView.swift */,
				AFDBEB8A2FFEA1920089A0D6 /* LatestSnapshotCardView.swift */,
				AFDBEBA22FFFEC8E0089A0D6 /* HistorySnapShotCardView.swift */,
			);
			path = Home;
			sourceTree = "<group>";
		};
		AFDBEB772FFC4E230089A0D6 /* Features */ = {
			isa = PBXGroup;
			children = (
				AFDBEB762FFC4E230089A0D6 /* Home */,
				AFDBEB732FFC4E230089A0D6 /* Analyze */,
				AFDBEB742FFC4E230089A0D6 /* Compare */,
				AFDBEB752FFC4E230089A0D6 /* History */,
			);
			path = Features;
			sourceTree = "<group>";
		};
		AFDBEB782FFC4E230089A0D6 /* Extraction */ = {
			isa = PBXGroup;
			children = (
			);
			path = Extraction;
			sourceTree = "<group>";
		};
		AFDBEB792FFC4E230089A0D6 /* Mapping */ = {
			isa = PBXGroup;
			children = (
			);
			path = Mapping;
			sourceTree = "<group>";
		};
		AFDBEB7A2FFC4E230089A0D6 /* Persistance */ = {
			isa = PBXGroup;
			children = (
			);
			path = Persistance;
			sourceTree = "<group>";
		};
		AFDBEB7B2FFC4E230089A0D6 /* Summarization */ = {
			isa = PBXGroup;
			children = (
			);
			path = Summarization;
			sourceTree = "<group>";
		};
		AFDBEB7C2FFC4E230089A0D6 /* Services */ = {
			isa = PBXGroup;
			children = (
				AFDBEB782FFC4E230089A0D6 /* Extraction */,
				AFDBEB792FFC4E230089A0D6 /* Mapping */,
				AFDBEB7A2FFC4E230089A0D6 /* Persistance */,
				AFDBEB7B2FFC4E230089A0D6 /* Summarization */,
			);
			path = Services;
			sourceTree = "<group>";
		};
		AFDBEB7E2FFC4E230089A0D6 /* CompanySnapShot */ = {
			isa = PBXGroup;
			children = (
				AFDBEB702FFC4E230089A0D6 /* App */,
				AFDBEB7C2FFC4E230089A0D6 /* Services */,
				AFDBEB722FFC4E230089A0D6 /* DesignSystem */,
				AFDBEB712FFC4E230089A0D6 /* Components */,
				AFDBEC173005567E0089A0D6 /* Models */,
				AFDBEB772FFC4E230089A0D6 /* Features */,
				AFDBEB8D2FFEA28B0089A0D6 /* PreviewContent */,
				AFDBEB7D2FFC4E230089A0D6 /* Assets.xcassets */,
			);
			path = CompanySnapShot;
			sourceTree = "<group>";
		};
		AFDBEB8D2FFEA28B0089A0D6 /* PreviewContent */ = {
			isa = PBXGroup;
			children = (
			);
			path = PreviewContent;
			sourceTree = "<group>";
		};
		AFDBEC173005567E0089A0D6 /* Models */ = {
			isa = PBXGroup;
			children = (
				AFDBEB8E2FFEA2B40089A0D6 /* SnapshotModel.swift */,
			);
			path = Models;
			sourceTree = "<group>";
		};
/* End PBXGroup section */

/* Begin PBXNativeTarget section */
		AFDBEB292FFC471F0089A0D6 /* CompanySnapShot */ = {
			isa = PBXNativeTarget;
			buildConfigurationList = AFDBEB352FFC47200089A0D6 /* Build configuration list for PBXNativeTarget "CompanySnapShot" */;
			buildPhases = (
				AFDBEB262FFC471F0089A0D6 /* Sources */,
				AFDBEB272FFC471F0089A0D6 /* Frameworks */,
				AFDBEB282FFC471F0089A0D6 /* Resources */,
			);
			buildRules = (
			);
			dependencies = (
			);
			name = CompanySnapShot;
			packageProductDependencies = (
			);
			productName = CompanySnapShot;
			productReference = AFDBEB2A2FFC471F0089A0D6 /* CompanySnapShot.app */;
			productType = "com.apple.product-type.application";
		};
/* End PBXNativeTarget section */

/* Begin PBXProject section */
		AFDBEB222FFC471F0089A0D6 /* Project object */ = {
			isa = PBXProject;
			attributes = {
				BuildIndependentTargetsInParallel = 1;
				LastSwiftUpdateCheck = 2650;
				LastUpgradeCheck = 2650;
				TargetAttributes = {
					AFDBEB292FFC471F0089A0D6 = {
						CreatedOnToolsVersion = 26.5;
					};
				};
			};
			buildConfigurationList = AFDBEB252FFC471F0089A0D6 /* Build configuration list for PBXProject "CompanySnapShot" */;
			developmentRegion = en;
			hasScannedForEncodings = 0;
			knownRegions = (
				en,
				Base,
			);
			mainGroup = AFDBEB212FFC471F0089A0D6;
			minimizedProjectReferenceProxies = 1;
			preferredProjectObjectVersion = 77;
			productRefGroup = AFDBEB2B2FFC471F0089A0D6 /* Products */;
			projectDirPath = "";
			projectRoot = "";
			targets = (
				AFDBEB292FFC471F0089A0D6 /* CompanySnapShot */,
			);
		};
/* End PBXProject section */

/* Begin PBXResourcesBuildPhase section */
		AFDBEB282FFC471F0089A0D6 /* Resources */ = {
			isa = PBXResourcesBuildPhase;
			buildActionMask = 2147483647;
			files = (
				AFDBEB7F2FFC4E230089A0D6 /* Assets.xcassets in Resources */,
			);
			runOnlyForDeploymentPostprocessing = 0;
		};
/* End PBXResourcesBuildPhase section */

/* Begin PBXSourcesBuildPhase section */
		AFDBEB262FFC471F0089A0D6 /* Sources */ = {
			isa = PBXSourcesBuildPhase;
			buildActionMask = 2147483647;
			files = (
				AFDBEB872FFC4FD00089A0D6 /* CompareView.swift in Sources */,
				AFDBEBA530011C9D0089A0D6 /* HomeViewModel.swift in Sources */,
				AFDBEBA12FFFEACC0089A0D6 /* BorderedCardView.swift in Sources */,
				AFDBEB892FFC4FF90089A0D6 /* HistoryView.swift in Sources */,
				AFDBEB8B2FFEA19F0089A0D6 /* LatestSnapshotCardView.swift in Sources */,
				AFDBEB832FFC4F6E0089A0D6 /* HomeView.swift in Sources */,
				AFDBEB802FFC4E230089A0D6 /* CompanySnapShotApp.swift in Sources */,
				AFDBEB8F2FFEA2B90089A0D6 /* SnapshotModel.swift in Sources */,
				AFDBEBA32FFFECA00089A0D6 /* HistorySnapShotCardView.swift in Sources */,
				AFDBEB812FFC4E230089A0D6 /* RootView.swift in Sources */,
				AFDBEB852FFC4F8F0089A0D6 /* AnalyzeView.swift in Sources */,
			);
			runOnlyForDeploymentPostprocessing = 0;
		};
/* End PBXSourcesBuildPhase section */

/* Begin XCBuildConfiguration section */
		AFDBEB332FFC47200089A0D6 /* Debug */ = {
			isa = XCBuildConfiguration;
			buildSettings = {
				ALWAYS_SEARCH_USER_PATHS = NO;
				ASSETCATALOG_COMPILER_GENERATE_SWIFT_ASSET_SYMBOL_EXTENSIONS = YES;
				CLANG_ANALYZER_NONNULL = YES;
				CLANG_ANALYZER_NUMBER_OBJECT_CONVERSION = YES_AGGRESSIVE;
				CLANG_CXX_LANGUAGE_STANDARD = "gnu++20";
				CLANG_ENABLE_MODULES = YES;
				CLANG_ENABLE_OBJC_ARC = YES;
				CLANG_ENABLE_OBJC_WEAK = YES;
				CLANG_WARN_BLOCK_CAPTURE_AUTORELEASING = YES;
				CLANG_WARN_BOOL_CONVERSION = YES;
				CLANG_WARN_COMMA = YES;
				CLANG_WARN_CONSTANT_CONVERSION = YES;
				CLANG_WARN_DEPRECATED_OBJC_IMPLEMENTATIONS = YES;
				CLANG_WARN_DIRECT_OBJC_ISA_USAGE = YES_ERROR;
				CLANG_WARN_DOCUMENTATION_COMMENTS = YES;
				CLANG_WARN_EMPTY_BODY = YES;
				CLANG_WARN_ENUM_CONVERSION = YES;
				CLANG_WARN_INFINITE_RECURSION = YES;
				CLANG_WARN_INT_CONVERSION = YES;
				CLANG_WARN_NON_LITERAL_NULL_CONVERSION = YES;
				CLANG_WARN_OBJC_IMPLICIT_RETAIN_SELF = YES;
				CLANG_WARN_OBJC_LITERAL_CONVERSION = YES;
				CLANG_WARN_OBJC_ROOT_CLASS = YES_ERROR;
				CLANG_WARN_QUOTED_INCLUDE_IN_FRAMEWORK_HEADER = YES;
				CLANG_WARN_RANGE_LOOP_ANALYSIS = YES;
				CLANG_WARN_STRICT_PROTOTYPES = YES;
				CLANG_WARN_SUSPICIOUS_MOVE = YES;
				CLANG_WARN_UNGUARDED_AVAILABILITY = YES_AGGRESSIVE;
				CLANG_WARN_UNREACHABLE_CODE = YES;
				CLANG_WARN__DUPLICATE_METHOD_MATCH = YES;
				COPY_PHASE_STRIP = NO;
				DEBUG_INFORMATION_FORMAT = dwarf;
				ENABLE_STRICT_OBJC_MSGSEND = YES;
				ENABLE_TESTABILITY = YES;
				ENABLE_USER_SCRIPT_SANDBOXING = YES;
				GCC_C_LANGUAGE_STANDARD = gnu17;
				GCC_DYNAMIC_NO_PIC = NO;
				GCC_NO_COMMON_BLOCKS = YES;
				GCC_OPTIMIZATION_LEVEL = 0;
				GCC_PREPROCESSOR_DEFINITIONS = (
					"DEBUG=1",
					"$(inherited)",
				);
				GCC_WARN_64_TO_32_BIT_CONVERSION = YES;
				GCC_WARN_ABOUT_RETURN_TYPE = YES_ERROR;
				GCC_WARN_UNDECLARED_SELECTOR = YES;
				GCC_WARN_UNINITIALIZED_AUTOS = YES_AGGRESSIVE;
				GCC_WARN_UNUSED_FUNCTION = YES;
				GCC_WARN_UNUSED_VARIABLE = YES;
				IPHONEOS_DEPLOYMENT_TARGET = 26.5;
				LOCALIZATION_PREFERS_STRING_CATALOGS = YES;
				MTL_ENABLE_DEBUG_INFO = INCLUDE_SOURCE;
				MTL_FAST_MATH = YES;
				ONLY_ACTIVE_ARCH = YES;
				SDKROOT = iphoneos;
				SWIFT_ACTIVE_COMPILATION_CONDITIONS = "DEBUG $(inherited)";
				SWIFT_OPTIMIZATION_LEVEL = "-Onone";
			};
			name = Debug;
		};
		AFDBEB342FFC47200089A0D6 /* Release */ = {
			isa = XCBuildConfiguration;
			buildSettings = {
				ALWAYS_SEARCH_USER_PATHS = NO;
				ASSETCATALOG_COMPILER_GENERATE_SWIFT_ASSET_SYMBOL_EXTENSIONS = YES;
				CLANG_ANALYZER_NONNULL = YES;
				CLANG_ANALYZER_NUMBER_OBJECT_CONVERSION = YES_AGGRESSIVE;
				CLANG_CXX_LANGUAGE_STANDARD = "gnu++20";
				CLANG_ENABLE_MODULES = YES;
				CLANG_ENABLE_OBJC_ARC = YES;
				CLANG_ENABLE_OBJC_WEAK = YES;
				CLANG_WARN_BLOCK_CAPTURE_AUTORELEASING = YES;
				CLANG_WARN_BOOL_CONVERSION = YES;
				CLANG_WARN_COMMA = YES;
				CLANG_WARN_CONSTANT_CONVERSION = YES;
				CLANG_WARN_DEPRECATED_OBJC_IMPLEMENTATIONS = YES;
				CLANG_WARN_DIRECT_OBJC_ISA_USAGE = YES_ERROR;
				CLANG_WARN_DOCUMENTATION_COMMENTS = YES;
				CLANG_WARN_EMPTY_BODY = YES;
				CLANG_WARN_ENUM_CONVERSION = YES;
				CLANG_WARN_INFINITE_RECURSION = YES;
				CLANG_WARN_INT_CONVERSION = YES;
				CLANG_WARN_NON_LITERAL_NULL_CONVERSION = YES;
				CLANG_WARN_OBJC_IMPLICIT_RETAIN_SELF = YES;
				CLANG_WARN_OBJC_LITERAL_CONVERSION = YES;
				CLANG_WARN_OBJC_ROOT_CLASS = YES_ERROR;
				CLANG_WARN_QUOTED_INCLUDE_IN_FRAMEWORK_HEADER = YES;
				CLANG_WARN_RANGE_LOOP_ANALYSIS = YES;
				CLANG_WARN_STRICT_PROTOTYPES = YES;
				CLANG_WARN_SUSPICIOUS_MOVE = YES;
				CLANG_WARN_UNGUARDED_AVAILABILITY = YES_AGGRESSIVE;
				CLANG_WARN_UNREACHABLE_CODE = YES;
				CLANG_WARN__DUPLICATE_METHOD_MATCH = YES;
				COPY_PHASE_STRIP = NO;
				DEBUG_INFORMATION_FORMAT = "dwarf-with-dsym";
				ENABLE_NS_ASSERTIONS = NO;
				ENABLE_STRICT_OBJC_MSGSEND = YES;
				ENABLE_USER_SCRIPT_SANDBOXING = YES;
				GCC_C_LANGUAGE_STANDARD = gnu17;
				GCC_NO_COMMON_BLOCKS = YES;
				GCC_WARN_64_TO_32_BIT_CONVERSION = YES;
				GCC_WARN_ABOUT_RETURN_TYPE = YES_ERROR;
				GCC_WARN_UNDECLARED_SELECTOR = YES;
				GCC_WARN_UNINITIALIZED_AUTOS = YES_AGGRESSIVE;
				GCC_WARN_UNUSED_FUNCTION = YES;
				GCC_WARN_UNUSED_VARIABLE = YES;
				IPHONEOS_DEPLOYMENT_TARGET = 26.5;
				LOCALIZATION_PREFERS_STRING_CATALOGS = YES;
				MTL_ENABLE_DEBUG_INFO = NO;
				MTL_FAST_MATH = YES;
				SDKROOT = iphoneos;
				SWIFT_COMPILATION_MODE = wholemodule;
				VALIDATE_PRODUCT = YES;
			};
			name = Release;
		};
		AFDBEB362FFC47200089A0D6 /* Debug */ = {
			isa = XCBuildConfiguration;
			buildSettings = {
				ASSETCATALOG_COMPILER_APPICON_NAME = AppIcon;
				ASSETCATALOG_COMPILER_GLOBAL_ACCENT_COLOR_NAME = AccentColor;
				CODE_SIGN_STYLE = Automatic;
				CURRENT_PROJECT_VERSION = 1;
				DEVELOPMENT_TEAM = 6S5KLN4G9C;
				ENABLE_PREVIEWS = YES;
				GENERATE_INFOPLIST_FILE = YES;
				INFOPLIST_KEY_UIApplicationSceneManifest_Generation = YES;
				INFOPLIST_KEY_UIApplicationSupportsIndirectInputEvents = YES;
				INFOPLIST_KEY_UILaunchScreen_Generation = YES;
				INFOPLIST_KEY_UISupportedInterfaceOrientations_iPad = "UIInterfaceOrientationPortrait UIInterfaceOrientationPortraitUpsideDown UIInterfaceOrientationLandscapeLeft UIInterfaceOrientationLandscapeRight";
				INFOPLIST_KEY_UISupportedInterfaceOrientations_iPhone = "UIInterfaceOrientationPortrait UIInterfaceOrientationLandscapeLeft UIInterfaceOrientationLandscapeRight";
				LD_RUNPATH_SEARCH_PATHS = (
					"$(inherited)",
					"@executable_path/Frameworks",
				);
				MARKETING_VERSION = 1.0;
				PRODUCT_BUNDLE_IDENTIFIER = XenoKaosIndustries.Dev.CompanySnapShot;
				PRODUCT_NAME = "$(TARGET_NAME)";
				STRING_CATALOG_GENERATE_SYMBOLS = YES;
				SWIFT_APPROACHABLE_CONCURRENCY = YES;
				SWIFT_DEFAULT_ACTOR_ISOLATION = MainActor;
				SWIFT_EMIT_LOC_STRINGS = YES;
				SWIFT_UPCOMING_FEATURE_MEMBER_IMPORT_VISIBILITY = YES;
				SWIFT_VERSION = 5.0;
				TARGETED_DEVICE_FAMILY = "1,2";
			};
			name = Debug;
		};
		AFDBEB372FFC47200089A0D6 /* Release */ = {
			isa = XCBuildConfiguration;
			buildSettings = {
				ASSETCATALOG_COMPILER_APPICON_NAME = AppIcon;
				ASSETCATALOG_COMPILER_GLOBAL_ACCENT_COLOR_NAME = AccentColor;
				CODE_SIGN_STYLE = Automatic;
				CURRENT_PROJECT_VERSION = 1;
				DEVELOPMENT_TEAM = 6S5KLN4G9C;
				ENABLE_PREVIEWS = YES;
				GENERATE_INFOPLIST_FILE = YES;
				INFOPLIST_KEY_UIApplicationSceneManifest_Generation = YES;
				INFOPLIST_KEY_UIApplicationSupportsIndirectInputEvents = YES;
				INFOPLIST_KEY_UILaunchScreen_Generation = YES;
				INFOPLIST_KEY_UISupportedInterfaceOrientations_iPad = "UIInterfaceOrientationPortrait UIInterfaceOrientationPortraitUpsideDown UIInterfaceOrientationLandscapeLeft UIInterfaceOrientationLandscapeRight";
				INFOPLIST_KEY_UISupportedInterfaceOrientations_iPhone = "UIInterfaceOrientationPortrait UIInterfaceOrientationLandscapeLeft UIInterfaceOrientationLandscapeRight";
				LD_RUNPATH_SEARCH_PATHS = (
					"$(inherited)",
					"@executable_path/Frameworks",
				);
				MARKETING_VERSION = 1.0;
				PRODUCT_BUNDLE_IDENTIFIER = XenoKaosIndustries.Dev.CompanySnapShot;
				PRODUCT_NAME = "$(TARGET_NAME)";
				STRING_CATALOG_GENERATE_SYMBOLS = YES;
				SWIFT_APPROACHABLE_CONCURRENCY = YES;
				SWIFT_DEFAULT_ACTOR_ISOLATION = MainActor;
				SWIFT_EMIT_LOC_STRINGS = YES;
				SWIFT_UPCOMING_FEATURE_MEMBER_IMPORT_VISIBILITY = YES;
				SWIFT_VERSION = 5.0;
				TARGETED_DEVICE_FAMILY = "1,2";
			};
			name = Release;
		};
/* End XCBuildConfiguration section */

/* Begin XCConfigurationList section */
		AFDBEB252FFC471F0089A0D6 /* Build configuration list for PBXProject "CompanySnapShot" */ = {
			isa = XCConfigurationList;
			buildConfigurations = (
				AFDBEB332FFC47200089A0D6 /* Debug */,
				AFDBEB342FFC47200089A0D6 /* Release */,
			);
			defaultConfigurationIsVisible = 0;
			defaultConfigurationName = Release;
		};
		AFDBEB352FFC47200089A0D6 /* Build configuration list for PBXNativeTarget "CompanySnapShot" */ = {
			isa = XCConfigurationList;
			buildConfigurations = (
				AFDBEB362FFC47200089A0D6 /* Debug */,
				AFDBEB372FFC47200089A0D6 /* Release */,
			);
			defaultConfigurationIsVisible = 0;
			defaultConfigurationName = Release;
		};
/* End XCConfigurationList section */
	};
	rootObject = AFDBEB222FFC471F0089A0D6 /* Project object */;
}
